// !$*UTF8*$!
{
	archiveVersion = 1;
	classes = {
	};
	objectVersion = 50;
	objects = {

/* Begin PBXBuildFile section */
		635D0066251F1156006EB285 /* Test01App.swift in Sources */ = {isa = PBXBuildFile; fileRef = 635D0065251F1156006EB285 /* Test01App.swift */; };
		635D0068251F1156006EB285 /* ContentView.swift in Sources */ = {isa = PBXBuildFile; fileRef = 635D0067251F1156006EB285 /* ContentView.swift */; };
		635D006A251F1158006EB285 /* Assets.xcassets in Resources */ = {isa = PBXBuildFile; fileRef = 635D0069251F1158006EB285 /* Assets.xcassets */; };
		635D006D251F1158006EB285 /* Preview Assets.xcassets in Resources */ = {isa = PBXBuildFile; fileRef = 635D006C251F1158006EB285 /* Preview Assets.xcassets */; };
		635D0078251F1158006EB285 /* Test01Tests.swift in Sources */ = {isa = PBXBuildFile; fileRef = 635D0077251F1158006EB285 /* Test01Tests.swift */; };
		635D0083251F1158006EB285 /* Test01UITests.swift in Sources */ = {isa = PBXBuildFile; fileRef = 635D0082251F1158006EB285 /* Test01UITests.swift */; };
/* End PBXBuildFile section */

/* Begin PBXContainerItemProxy section */
		635D0074251F1158006EB285 /* PBXContainerItemProxy */ = {
			isa = PBXContainerItemProxy;
			containerPortal = 635D005A251F1155006EB285 /* Project object */;
			proxyType = 1;
			remoteGlobalIDString = 635D0061251F1156006EB285;
			remoteInfo = Test01;
		};
		635D007F251F1158006EB285 /* PBXContainerItemProxy */ = {
			isa = PBXContainerItemProxy;
			containerPortal = 635D005A251F1155006EB285 /* Project object */;
			proxyType = 1;
			remoteGlobalIDString = 635D0061251F1156006EB285;
			remoteInfo = Test01;
		};
/* End PBXContainerItemProxy section */

/* Begin PBXFileReference section */
		635D0062251F1156006EB285 /* Test01.app */ = {isa = PBXFileReference; explicitFileType = wrapper.application; includeInIndex = 0; path = Test01.app; sourceTree = BUILT_PRODUCTS_DIR; };
		635D0065251F1156006EB285 /* Test01App.swift */ = {isa = PBXFileReference; lastKnownFileType = sourcecode.swift; path = Test01App.swift; sourceTree = "<group>"; };
		635D0067251F1156006EB285 /* ContentView.swift */ = {isa = PBXFileReference; lastKnownFileType = sourcecode.swift; path = ContentView.swift; sourceTree = "<group>"; };
		635D0069251F1158006EB285 /* Assets.xcassets */ = {isa = PBXFileReference; lastKnownFileType = folder.assetcatalog; path = Assets.xcassets; sourceTree = "<group>"; };
		635D006C251F1158006EB285 /* Preview Assets.xcassets */ = {isa = PBXFileReference; lastKnownFileType = folder.assetcatalog; path = "Preview Assets.xcassets"; sourceTree = "<group>"; };
		635D006E251F1158006EB285 /* Info.plist */ = {isa = PBXFileReference; lastKnownFileType = text.plist.xml; path = Info.plist; sourceTree = "<group>"; };
		635D0073251F1158006EB285 /* Test01Tests.xctest */ = {isa = PBXFileReference; explicitFileType = wrapper.cfbundle; includeInIndex = 0; path = Test01Tests.xctest; sourceTree = BUILT_PRODUCTS_DIR; };
		635D0077251F1158006EB285 /* Test01Tests.swift */ = {isa = PBXFileReference; lastKnownFileType = sourcecode.swift; path = Test01Tests.swift; sourceTree = "<group>"; };
		635D0079251F1158006EB285 /* Info.plist */ = {isa = PBXFileReference; lastKnownFileType = text.plist.xml; path = Info.plist; sourceTree = "<group>"; };
		635D007E251F1158006EB285 /* Test01UITests.xctest */ = {isa = PBXFileReference; explicitFileType = wrapper.cfbundle; includeInIndex = 0; path = Test01UITests.xctest; sourceTree = BUILT_PRODUCTS_DIR; };
		635D0082251F1158006EB285 /* Test01UITests.swift */ = {isa = PBXFileReference; lastKnownFileType = sourcecode.swift; path = Test01UITests.swift; sourceTree = "<group>"; };
		635D0084251F1158006EB285 /* Info.plist */ = {isa = PBXFileReference; lastKnownFileType = text.plist.xml; path = Info.plist; sourceTree = "<group>"; };
/* End PBXFileReference section */

/* Begin PBXFrameworksBuildPhase section */
		635D005F251F1156006EB285 /* Frameworks */ = {
			isa = PBXFrameworksBuildPhase;
			buildActionMask = 2147483647;
			files = (
			);
			runOnlyForDeploymentPostprocessing = 0;
		};
		635D0070251F1158006EB285 /* Frameworks */ = {
			isa = PBXFrameworksBuildPhase;
			buildActionMask = 2147483647;
			files = (
			);
			runOnlyForDeploymentPostprocessing = 0;
		};
		635D007B251F1158006EB285 /* Frameworks */ = {
			isa = PBXFrameworksBuildPhase;
			buildActionMask = 2147483647;
			files = (
			);
			runOnlyForDeploymentPostprocessing = 0;
		};
/* End PBXFrameworksBuildPhase section */

/* Begin PBXGroup section */
		635D0059251F1155006EB285 = {
			isa = PBXGroup;
			children = (
				635D0064251F1156006EB285 /* Test01 */,
				635D0076251F1158006EB285 /* Test01Tests */,
				635D0081251F1158006EB285 /* Test01UITests */,
				635D0063251F1156006EB285 /* Products */,
			);
			sourceTree = "<group>";
		};
		635D0063251F1156006EB285 /* Products */ = {
			isa = PBXGroup;
			children = (
				635D0062251F1156006EB285 /* Test01.app */,
				635D0073251F1158006EB285 /* Test01Tests.xctest */,
				635D007E251F1158006EB285 /* Test01UITests.xctest */,
			);
			name = Products;
			sourceTree = "<group>";
		};
		635D0064251F1156006EB285 /* Test01 */ = {
			isa = PBXGroup;
			children = (
				635D0065251F1156006EB285 /* Test01App.swift */,
				635D0067251F1156006EB285 /* ContentView.swift */,
				635D0069251F1158006EB285 /* Assets.xcassets */,
				635D006E251F1158006EB285 /* Info.plist */,
				635D006B251F1158006EB285 /* Preview Content */,
			);
			path = Test01;
			sourceTree = "<group>";
		};
		635D006B251F1158006EB285 /* Preview Content */ = {
			isa = PBXGroup;
			children = (
				635D006C251F1158006EB285 /* Preview Assets.xcassets */,
			);
			path = "Preview Content";
			sourceTree = "<group>";
		};
		635D0076251F1158006EB285 /* Test01Tests */ = {
			isa = PBXGroup;
			children = (
				635D0077251F1158006EB285 /* Test01Tests.swift */,
				635D0079251F1158006EB285 /* Info.plist */,
			);
			path = Test01Tests;
			sourceTree = "<group>";
		};
		635D0081251F1158006EB285 /* Test01UITests */ = {
			isa = PBXGroup;
			children = (
				635D0082251F1158006EB285 /* Test01UITests.swift */,
				635D0084251F1158006EB285 /* Info.plist */,
			);
			path = Test01UITests;
			sourceTree = "<group>";
		};
/* End PBXGroup section */

/* Begin PBXNativeTarget section */
		635D0061251F1156006EB285 /* Test01 */ = {
			isa = PBXNativeTarget;
			buildConfigurationList = 635D0087251F1158006EB285 /* Build configuration list for PBXNativeTarget "Test01" */;
			buildPhases = (
				635D005E251F1156006EB285 /* Sources */,
				635D005F251F1156006EB285 /* Frameworks */,
				635D0060251F1156006EB285 /* Resources */,
			);
			buildRules = (
			);
			dependencies = (
			);
			name = Test01;
			productName = Test01;
			productReference = 635D0062251F1156006EB285 /* Test01.app */;
			productType = "com.apple.product-type.application";
		};
		635D0072251F1158006EB285 /* Test01Tests */ = {
			isa = PBXNativeTarget;
			buildConfigurationList = 635D008A251F1158006EB285 /* Build configuration list for PBXNativeTarget "Test01Tests" */;
			buildPhases = (
				635D006F251F1158006EB285 /* Sources */,
				635D0070251F1158006EB285 /* Frameworks */,
				635D0071251F1158006EB285 /* Resources */,
			);
			buildRules = (
			);
			dependencies = (
				635D0075251F1158006EB285 /* PBXTargetDependency */,
			);
			name = Test01Tests;
			productName = Test01Tests;
			productReference = 635D0073251F1158006EB285 /* Test01Tests.xctest */;
			productType = "com.apple.product-type.bundle.unit-test";
		};
		635D007D251F1158006EB285 /* Test01UITests */ = {
			isa = PBXNativeTarget;
			buildConfigurationList = 635D008D251F1158006EB285 /* Build configuration list for PBXNativeTarget "Test01UITests" */;
			buildPhases = (
				635D007A251F1158006EB285 /* Sources */,
				635D007B251F1158006EB285 /* Frameworks */,
				635D007C251F1158006EB285 /* Resources */,
			);
			buildRules = (
			);
			dependencies = (
				635D0080251F1158006EB285 /* PBXTargetDependency */,
			);
			name = Test01UITests;
			productName = Test01UITests;
			productReference = 635D007E251F1158006EB285 /* Test01UITests.xctest */;
			productType = "com.apple.product-type.bundle.ui-testing";
		};
/* End PBXNativeTarget section */

/* Begin PBXProject section */
		635D005A251F1155006EB285 /* Project object */ = {
			isa = PBXProject;
			attributes = {
				LastSwiftUpdateCheck = 1200;
				LastUpgradeCheck = 1200;
				TargetAttributes = {
					635D0061251F1156006EB285 = {
						CreatedOnToolsVersion = 12.0.1;
					};
					635D0072251F1158006EB285 = {
						CreatedOnToolsVersion = 12.0.1;
						TestTargetID = 635D0061251F1156006EB285;
					};
					635D007D251F1158006EB285 = {
						CreatedOnToolsVersion = 12.0.1;
						TestTargetID = 635D0061251F1156006EB285;
					};
				};
			};
			buildConfigurationList = 635D005D251F1155006EB285 /* Build configuration list for PBXProject "Test01" */;
			compatibilityVersion = "Xcode 9.3";
			developmentRegion = en;
			hasScannedForEncodings = 0;
			knownRegions = (
				en,
				Base,
			);
			mainGroup = 635D0059251F1155006EB285;
			productRefGroup = 635D0063251F1156006EB285 /* Products */;
			projectDirPath = "";
			projectRoot = "";
			targets = (
				635D0061251F1156006EB285 /* Test01 */,
				635D0072251F1158006EB285 /* Test01Tests */,
				635D007D251F1158006EB285 /* Test01UITests */,
			);
		};
/* End PBXProject section */

/* Begin PBXResourcesBuildPhase section */
		635D0060251F1156006EB285 /* Resources */ = {
			isa = PBXResourcesBuildPhase;
			buildActionMask = 2147483647;
			files = (
				635D006D251F1158006EB285 /* Preview Assets.xcassets in Resources */,
				635D006A251F1158006EB285 /* Assets.xcassets in Resources */,
			);
			runOnlyForDeploymentPostprocessing = 0;
		};
		635D0071251F1158006EB285 /* Resources */ = {
			isa = PBXResourcesBuildPhase;
			buildActionMask = 2147483647;
			files = (
			);
			runOnlyForDeploymentPostprocessing = 0;
		};
		635D007C251F1158006EB285 /* Resources */ = {
			isa = PBXResourcesBuildPhase;
			buildActionMask = 2147483647;
			files = (
			);
			runOnlyForDeploymentPostprocessing = 0;
		};
/* End PBXResourcesBuildPhase section */

/* Begin PBXSourcesBuildPhase section */
		635D005E251F1156006EB285 /* Sources */ = {
			isa = PBXSourcesBuildPhase;
			buildActionMask = 2147483647;
			files = (
				635D0068251F1156006EB285 /* ContentView.swift in Sources */,
				635D0066251F1156006EB285 /* Test01App.swift in Sources */,
			);
			runOnlyForDeploymentPostprocessing = 0;
		};
		635D006F251F1158006EB285 /* Sources */ = {
			isa = PBXSourcesBuildPhase;
			buildActionMask = 2147483647;
			files = (
				635D0078251F1158006EB285 /* Test01Tests.swift in Sources */,
			);
			runOnlyForDeploymentPostprocessing = 0;
		};
		635D007A251F1158006EB285 /* Sources */ = {
			isa = PBXSourcesBuildPhase;
			buildActionMask = 2147483647;
			files = (
				635D0083251F1158006EB285 /* Test01UITests.swift in Sources */,
			);
			runOnlyForDeploymentPostprocessing = 0;
		};
/* End PBXSourcesBuildPhase section */

/* Begin PBXTargetDependency section */
		635D0075251F1158006EB285 /* PBXTargetDependency */ = {
			isa = PBXTargetDependency;
			target = 635D0061251F1156006EB285 /* Test01 */;
			targetProxy = 635D0074251F1158006EB285 /* PBXContainerItemProxy */;
		};
		635D0080251F1158006EB285 /* PBXTargetDependency */ = {
			isa = PBXTargetDependency;
			target = 635D0061251F1156006EB285 /* Test01 */;
			targetProxy = 635D007F251F1158006EB285 /* PBXContainerItemProxy */;
		};
/* End PBXTargetDependency section */

/* Begin XCBuildConfiguration section */
		635D0085251F1158006EB285 /* Debug */ = {
			isa = XCBuildConfiguration;
			buildSettings = {
				ALWAYS_SEARCH_USER_PATHS = NO;
				CLANG_ANALYZER_NONNULL = YES;
				CLANG_ANALYZER_NUMBER_OBJECT_CONVERSION = YES_AGGRESSIVE;
				CLANG_CXX_LANGUAGE_STANDARD = "gnu++14";
				CLANG_CXX_LIBRARY = "libc++";
				CLANG_ENABLE_MODULES = YES;
				CLANG_ENABLE_OBJC_ARC = YES;
				CLANG_ENABLE_OBJC_WEAK = YES;
				CLANG_WARN_BLOCK_CAPTURE_AUTORELEASING = YES;
				CLANG_WARN_BOOL_CONVERSION = YES;
				CLANG_WARN_COMMA = YES;
				CLANG_WARN_CONSTANT_CONVERSION = YES;
				CLANG_WARN_DEPRECATED_OBJC_IMPLEMENTATIONS = YES;
				CLANG_WARN_DIRECT_OBJC_ISA_USAGE = YES_ERROR;
				CLANG_WARN_DOCUMENTATION_COMMENTS = YES;
				CLANG_WARN_EMPTY_BODY = YES;
				CLANG_WARN_ENUM_CONVERSION = YES;
				CLANG_WARN_INFINITE_RECURSION = YES;
				CLANG_WARN_INT_CONVERSION = YES;
				CLANG_WARN_NON_LITERAL_NULL_CONVERSION = YES;
				CLANG_WARN_OBJC_IMPLICIT_RETAIN_SELF = YES;
				CLANG_WARN_OBJC_LITERAL_CONVERSION = YES;
				CLANG_WARN_OBJC_ROOT_CLASS = YES_ERROR;
				CLANG_WARN_QUOTED_INCLUDE_IN_FRAMEWORK_HEADER = YES;
				CLANG_WARN_RANGE_LOOP_ANALYSIS = YES;
				CLANG_WARN_STRICT_PROTOTYPES = YES;
				CLANG_WARN_SUSPICIOUS_MOVE = YES;
				CLANG_WARN_UNGUARDED_AVAILABILITY = YES_AGGRESSIVE;
				CLANG_WARN_UNREACHABLE_CODE = YES;
				CLANG_WARN__DUPLICATE_METHOD_MATCH = YES;
				COPY_PHASE_STRIP = NO;
				DEBUG_INFORMATION_FORMAT = dwarf;
				ENABLE_STRICT_OBJC_MSGSEND = YES;
				ENABLE_TESTABILITY = YES;
				GCC_C_LANGUAGE_STANDARD = gnu11;
				GCC_DYNAMIC_NO_PIC = NO;
				GCC_NO_COMMON_BLOCKS = YES;
				GCC_OPTIMIZATION_LEVEL = 0;
				GCC_PREPROCESSOR_DEFINITIONS = (
					"DEBUG=1",
					"$(inherited)",
				);
				GCC_WARN_64_TO_32_BIT_CONVERSION = YES;
				GCC_WARN_ABOUT_RETURN_TYPE = YES_ERROR;
				GCC_WARN_UNDECLARED_SELECTOR = YES;
				GCC_WARN_UNINITIALIZED_AUTOS = YES_AGGRESSIVE;
				GCC_WARN_UNUSED_FUNCTION = YES;
				GCC_WARN_UNUSED_VARIABLE = YES;
				IPHONEOS_DEPLOYMENT_TARGET = 14.0;
				MTL_ENABLE_DEBUG_INFO = INCLUDE_SOURCE;
				MTL_FAST_MATH = YES;
				ONLY_ACTIVE_ARCH = YES;
				SDKROOT = iphoneos;
				SWIFT_ACTIVE_COMPILATION_CONDITIONS = DEBUG;
				SWIFT_OPTIMIZATION_LEVEL = "-Onone";
			};
			name = Debug;
		};
		635D0086251F1158006EB285 /* Release */ = {
			isa = XCBuildConfiguration;
			buildSettings = {
				ALWAYS_SEARCH_USER_PATHS = NO;
				CLANG_ANALYZER_NONNULL = YES;
				CLANG_ANALYZER_NUMBER_OBJECT_CONVERSION = YES_AGGRESSIVE;
				CLANG_CXX_LANGUAGE_STANDARD = "gnu++14";
				CLANG_CXX_LIBRARY = "libc++";
				CLANG_ENABLE_MODULES = YES;
				CLANG_ENABLE_OBJC_ARC = YES;
				CLANG_ENABLE_OBJC_WEAK = YES;
				CLANG_WARN_BLOCK_CAPTURE_AUTORELEASING = YES;
				CLANG_WARN_BOOL_CONVERSION = YES;
				CLANG_WARN_COMMA = YES;
				CLANG_WARN_CONSTANT_CONVERSION = YES;
				CLANG_WARN_DEPRECATED_OBJC_IMPLEMENTATIONS = YES;
				CLANG_WARN_DIRECT_OBJC_ISA_USAGE = YES_ERROR;
				CLANG_WARN_DOCUMENTATION_COMMENTS = YES;
				CLANG_WARN_EMPTY_BODY = YES;
				CLANG_WARN_ENUM_CONVERSION = YES;
				CLANG_WARN_INFINITE_RECURSION = YES;
				CLANG_WARN_INT_CONVERSION = YES;
				CLANG_WARN_NON_LITERAL_NULL_CONVERSION = YES;
				CLANG_WARN_OBJC_IMPLICIT_RETAIN_SELF = YES;
				CLANG_WARN_OBJC_LITERAL_CONVERSION = YES;
				CLANG_WARN_OBJC_ROOT_CLASS = YES_ERROR;
				CLANG_WARN_QUOTED_INCLUDE_IN_FRAMEWORK_HEADER = YES;
				CLANG_WARN_RANGE_LOOP_ANALYSIS = YES;
				CLANG_WARN_STRICT_PROTOTYPES = YES;
				CLANG_WARN_SUSPICIOUS_MOVE = YES;
				CLANG_WARN_UNGUARDED_AVAILABILITY = YES_AGGRESSIVE;
				CLANG_WARN_UNREACHABLE_CODE = YES;
				CLANG_WARN__DUPLICATE_METHOD_MATCH = YES;
				COPY_PHASE_STRIP = NO;
				DEBUG_INFORMATION_FORMAT = "dwarf-with-dsym";
				ENABLE_NS_ASSERTIONS = NO;
				ENABLE_STRICT_OBJC_MSGSEND = YES;
				GCC_C_LANGUAGE_STANDARD = gnu11;
				GCC_NO_COMMON_BLOCKS = YES;
				GCC_WARN_64_TO_32_BIT_CONVERSION = YES;
				GCC_WARN_ABOUT_RETURN_TYPE = YES_ERROR;
				GCC_WARN_UNDECLARED_SELECTOR = YES;
				GCC_WARN_UNINITIALIZED_AUTOS = YES_AGGRESSIVE;
				GCC_WARN_UNUSED_FUNCTION = YES;
				GCC_WARN_UNUSED_VARIABLE = YES;
				IPHONEOS_DEPLOYMENT_TARGET = 14.0;
				MTL_ENABLE_DEBUG_INFO = NO;
				MTL_FAST_MATH = YES;
				SDKROOT = iphoneos;
				SWIFT_COMPILATION_MODE = wholemodule;
				SWIFT_OPTIMIZATION_LEVEL = "-O";
				VALIDATE_PRODUCT = YES;
			};
			name = Release;
		};
		635D0088251F1158006EB285 /* Debug */ = {
			isa = XCBuildConfiguration;
			buildSettings = {
				ASSETCATALOG_COMPILER_APPICON_NAME = AppIcon;
				ASSETCATALOG_COMPILER_GLOBAL_ACCENT_COLOR_NAME = AccentColor;
				CODE_SIGN_STYLE = Automatic;
				DEVELOPMENT_ASSET_PATHS = "\"Test01/Preview Content\"";
				DEVELOPMENT_TEAM = 9ZHPTK8U7A;
				ENABLE_PREVIEWS = YES;
				INFOPLIST_FILE = Test01/Info.plist;
				IPHONEOS_DEPLOYMENT_TARGET = 14.0;
				LD_RUNPATH_SEARCH_PATHS = (
					"$(inherited)",
					"@executable_path/Frameworks",
				);
				PRODUCT_BUNDLE_IDENTIFIER = com.mindthegamestudio.Test01;
				PRODUCT_NAME = "$(TARGET_NAME)";
				SWIFT_VERSION = 5.0;
				TARGETED_DEVICE_FAMILY = "1,2";
			};
			name = Debug;
		};
		635D0089251F1158006EB285 /* Release */ = {
			isa = XCBuildConfiguration;
			buildSettings = {
				ASSETCATALOG_COMPILER_APPICON_NAME = AppIcon;
				ASSETCATALOG_COMPILER_GLOBAL_ACCENT_COLOR_NAME = AccentColor;
				CODE_SIGN_STYLE = Automatic;
				DEVELOPMENT_ASSET_PATHS = "\"Test01/Preview Content\"";
				DEVELOPMENT_TEAM = 9ZHPTK8U7A;
				ENABLE_PREVIEWS = YES;
				INFOPLIST_FILE = Test01/Info.plist;
				IPHONEOS_DEPLOYMENT_TARGET = 14.0;
				LD_RUNPATH_SEARCH_PATHS = (
					"$(inherited)",
					"@executable_path/Frameworks",
				);
				PRODUCT_BUNDLE_IDENTIFIER = com.mindthegamestudio.Test01;
				PRODUCT_NAME = "$(TARGET_NAME)";
				SWIFT_VERSION = 5.0;
				TARGETED_DEVICE_FAMILY = "1,2";
			};
			name = Release;
		};
		635D008B251F1158006EB285 /* Debug */ = {
			isa = XCBuildConfiguration;
			buildSettings = {
				ALWAYS_EMBED_SWIFT_STANDARD_LIBRARIES = YES;
				BUNDLE_LOADER = "$(TEST_HOST)";
				CODE_SIGN_STYLE = Automatic;
				DEVELOPMENT_TEAM = 9ZHPTK8U7A;
				INFOPLIST_FILE = Test01Tests/Info.plist;
				IPHONEOS_DEPLOYMENT_TARGET = 14.0;
				LD_RUNPATH_SEARCH_PATHS = (
					"$(inherited)",
					"@executable_path/Frameworks",
					"@loader_path/Frameworks",
				);
				PRODUCT_BUNDLE_IDENTIFIER = com.mindthegamestudio.Test01Tests;
				PRODUCT_NAME = "$(TARGET_NAME)";
				SWIFT_VERSION = 5.0;
				TARGETED_DEVICE_FAMILY = "1,2";
				TEST_HOST = "$(BUILT_PRODUCTS_DIR)/Test01.app/Test01";
			};
			name = Debug;
		};
		635D008C251F1158006EB285 /* Release */ = {
			isa = XCBuildConfiguration;
			buildSettings = {
				ALWAYS_EMBED_SWIFT_STANDARD_LIBRARIES = YES;
				BUNDLE_LOADER = "$(TEST_HOST)";
				CODE_SIGN_STYLE = Automatic;
				DEVELOPMENT_TEAM = 9ZHPTK8U7A;
				INFOPLIST_FILE = Test01Tests/Info.plist;
				IPHONEOS_DEPLOYMENT_TARGET = 14.0;
				LD_RUNPATH_SEARCH_PATHS = (
					"$(inherited)",
					"@executable_path/Frameworks",
					"@loader_path/Frameworks",
				);
				PRODUCT_BUNDLE_IDENTIFIER = com.mindthegamestudio.Test01Tests;
				PRODUCT_NAME = "$(TARGET_NAME)";
				SWIFT_VERSION = 5.0;
				TARGETED_DEVICE_FAMILY = "1,2";
				TEST_HOST = "$(BUILT_PRODUCTS_DIR)/Test01.app/Test01";
			};
			name = Release;
		};
		635D008E251F1158006EB285 /* Debug */ = {
			isa = XCBuildConfiguration;
			buildSettings = {
				ALWAYS_EMBED_SWIFT_STANDARD_LIBRARIES = YES;
				CODE_SIGN_STYLE = Automatic;
				DEVELOPMENT_TEAM = 9ZHPTK8U7A;
				INFOPLIST_FILE = Test01UITests/Info.plist;
				LD_RUNPATH_SEARCH_PATHS = (
					"$(inherited)",
					"@executable_path/Frameworks",
					"@loader_path/Frameworks",
				);
				PRODUCT_BUNDLE_IDENTIFIER = com.mindthegamestudio.Test01UITests;
				PRODUCT_NAME = "$(TARGET_NAME)";
				SWIFT_VERSION = 5.0;
				TARGETED_DEVICE_FAMILY = "1,2";
				TEST_TARGET_NAME = Test01;
			};
			name = Debug;
		};
		635D008F251F1158006EB285 /* Release */ = {
			isa = XCBuildConfiguration;
			buildSettings = {
				ALWAYS_EMBED_SWIFT_STANDARD_LIBRARIES = YES;
				CODE_SIGN_STYLE = Automatic;
				DEVELOPMENT_TEAM = 9ZHPTK8U7A;
				INFOPLIST_FILE = Test01UITests/Info.plist;
				LD_RUNPATH_SEARCH_PATHS = (
					"$(inherited)",
					"@executable_path/Frameworks",
					"@loader_path/Frameworks",
				);
				PRODUCT_BUNDLE_IDENTIFIER = com.mindthegamestudio.Test01UITests;
				PRODUCT_NAME = "$(TARGET_NAME)";
				SWIFT_VERSION = 5.0;
				TARGETED_DEVICE_FAMILY = "1,2";
				TEST_TARGET_NAME = Test01;
			};
			name = Release;
		};
/* End XCBuildConfiguration section */

/* Begin XCConfigurationList section */
		635D005D251F1155006EB285 /* Build configuration list for PBXProject "Test01" */ = {
			isa = XCConfigurationList;
			buildConfigurations = (
				635D0085251F1158006EB285 /* Debug */,
				635D0086251F1158006EB285 /* Release */,
			);
			defaultConfigurationIsVisible = 0;
			defaultConfigurationName = Release;
		};
		635D0087251F1158006EB285 /* Build configuration list for PBXNativeTarget "Test01" */ = {
			isa = XCConfigurationList;
			buildConfigurations = (
				635D0088251F1158006EB285 /* Debug */,
				635D0089251F1158006EB285 /* Release */,
			);
			defaultConfigurationIsVisible = 0;
			defaultConfigurationName = Release;
		};
		635D008A251F1158006EB285 /* Build configuration list for PBXNativeTarget "Test01Tests" */ = {
			isa = XCConfigurationList;
			buildConfigurations = (
				635D008B251F1158006EB285 /* Debug */,
				635D008C251F1158006EB285 /* Release */,
			);
			defaultConfigurationIsVisible = 0;
			defaultConfigurationName = Release;
		};
		635D008D251F1158006EB285 /* Build configuration list for PBXNativeTarget "Test01UITests" */ = {
			isa = XCConfigurationList;
			buildConfigurations = (
				635D008E251F1158006EB285 /* Debug */,
				635D008F251F1158006EB285 /* Release */,
			);
			defaultConfigurationIsVisible = 0;
			defaultConfigurationName = Release;
		};
/* End XCConfigurationList section */
	};
	rootObject = 635D005A251F1155006EB285 /* Project object */;
}
